// !$*UTF8*$!
{
	objectVersion = 77;
	archiveVersion = 1;
	classes = {
	};
	objects = {

/* Begin PBXBuildFile section */
		F10000000000000000000101 /* GaogeIOSApp.swift in Sources */ = {isa = PBXBuildFile; fileRef = F10000000000000000000201 /* GaogeIOSApp.swift */; };
		F10000000000000000000102 /* AppModel.swift in Sources */ = {isa = PBXBuildFile; fileRef = F10000000000000000000202 /* AppModel.swift */; };
		F10000000000000000000103 /* RootTabView.swift in Sources */ = {isa = PBXBuildFile; fileRef = F10000000000000000000203 /* RootTabView.swift */; };
		F10000000000000000000104 /* Assets.xcassets in Resources */ = {isa = PBXBuildFile; fileRef = F10000000000000000000205 /* Assets.xcassets */; };
		F10000000000000000000105 /* Preview Assets.xcassets in Resources */ = {isa = PBXBuildFile; fileRef = F10000000000000000000207 /* Preview Assets.xcassets */; };
/* End PBXBuildFile section */

/* Begin PBXContainerItemProxy section */
		F10000000000000000000301 /* PBXContainerItemProxy */ = {
			isa = PBXContainerItemProxy;
			containerPortal = F10000000000000000000010 /* Project object */;
			proxyType = 1;
			remoteGlobalIDString = F10000000000000000000001;
			remoteInfo = GaogeIOS;
		};
/* End PBXContainerItemProxy section */

/* Begin PBXFileReference section */
		F10000000000000000000201 /* GaogeIOSApp.swift */ = {isa = PBXFileReference; lastKnownFileType = sourcecode.swift; path = GaogeIOSApp.swift; sourceTree = "<group>"; };
		F10000000000000000000202 /* AppModel.swift */ = {isa = PBXFileReference; lastKnownFileType = sourcecode.swift; path = AppModel.swift; sourceTree = "<group>"; };
		F10000000000000000000203 /* RootTabView.swift */ = {isa = PBXFileReference; lastKnownFileType = sourcecode.swift; path = RootTabView.swift; sourceTree = "<group>"; };
		F10000000000000000000204 /* Info.plist */ = {isa = PBXFileReference; lastKnownFileType = text.plist.xml; path = Info.plist; sourceTree = "<group>"; };
		F10000000000000000000205 /* Assets.xcassets */ = {isa = PBXFileReference; lastKnownFileType = folder.assetcatalog; path = Assets.xcassets; sourceTree = "<group>"; };
		F10000000000000000000206 /* Preview Content */ = {isa = PBXFileReference; lastKnownFileType = folder; path = "Preview Content"; sourceTree = "<group>"; };
		F10000000000000000000207 /* Preview Assets.xcassets */ = {isa = PBXFileReference; lastKnownFileType = folder.assetcatalog; path = "Preview Assets.xcassets"; sourceTree = "<group>"; };
		F10000000000000000000208 /* GaogeIOS.app */ = {isa = PBXFileReference; explicitFileType = wrapper.application; includeInIndex = 0; path = GaogeIOS.app; sourceTree = BUILT_PRODUCTS_DIR; };
		F10000000000000000000209 /* GaogeIOSTests.xctest */ = {isa = PBXFileReference; explicitFileType = wrapper.cfbundle; includeInIndex = 0; path = GaogeIOSTests.xctest; sourceTree = BUILT_PRODUCTS_DIR; };
/* End PBXFileReference section */

/* Begin PBXFrameworksBuildPhase section */
		F10000000000000000000401 /* Frameworks */ = {
			isa = PBXFrameworksBuildPhase;
			buildActionMask = 2147483647;
			files = (
			);
			runOnlyForDeploymentPostprocessing = 0;
		};
		F10000000000000000000402 /* Frameworks */ = {
			isa = PBXFrameworksBuildPhase;
			buildActionMask = 2147483647;
			files = (
			);
			runOnlyForDeploymentPostprocessing = 0;
		};
/* End PBXFrameworksBuildPhase section */

/* Begin PBXGroup section */
		F10000000000000000000501 = {
			isa = PBXGroup;
			children = (
				F10000000000000000000502 /* Sources */,
				F10000000000000000000508 /* Tests */,
				F10000000000000000000509 /* Products */,
			);
			sourceTree = "<group>";
		};
		F10000000000000000000502 /* Sources */ = {
			isa = PBXGroup;
			children = (
				F10000000000000000000503 /* App */,
				F10000000000000000000504 /* Resources */,
			);
			path = Sources;
			sourceTree = "<group>";
		};
		F10000000000000000000503 /* App */ = {
			isa = PBXGroup;
			children = (
				F10000000000000000000201 /* GaogeIOSApp.swift */,
				F10000000000000000000202 /* AppModel.swift */,
				F10000000000000000000203 /* RootTabView.swift */,
			);
			path = App;
			sourceTree = "<group>";
		};
		F10000000000000000000504 /* Resources */ = {
			isa = PBXGroup;
			children = (
				F10000000000000000000204 /* Info.plist */,
				F10000000000000000000205 /* Assets.xcassets */,
				F10000000000000000000505 /* Preview Content */,
			);
			path = Resources;
			sourceTree = "<group>";
		};
		F10000000000000000000505 /* Preview Content */ = {
			isa = PBXGroup;
			children = (
				F10000000000000000000207 /* Preview Assets.xcassets */,
			);
			path = "Preview Content";
			sourceTree = "<group>";
		};
		F10000000000000000000508 /* Tests */ = {
			isa = PBXGroup;
			children = (
			);
			path = Tests;
			sourceTree = "<group>";
		};
		F10000000000000000000509 /* Products */ = {
			isa = PBXGroup;
			children = (
				F10000000000000000000208 /* GaogeIOS.app */,
				F10000000000000000000209 /* GaogeIOSTests.xctest */,
			);
			name = Products;
			sourceTree = "<group>";
		};
/* End PBXGroup section */

/* Begin PBXNativeTarget section */
		F10000000000000000000001 /* GaogeIOS */ = {
			isa = PBXNativeTarget;
			buildConfigurationList = F10000000000000000000901 /* Build configuration list for PBXNativeTarget "GaogeIOS" */;
			buildPhases = (
				F10000000000000000000601 /* Sources */,
				F10000000000000000000401 /* Frameworks */,
				F10000000000000000000701 /* Resources */,
			);
			buildRules = (
			);
			dependencies = (
			);
			name = GaogeIOS;
			productName = GaogeIOS;
			productReference = F10000000000000000000208 /* GaogeIOS.app */;
			productType = "com.apple.product-type.application";
		};
		F10000000000000000000002 /* GaogeIOSTests */ = {
			isa = PBXNativeTarget;
			buildConfigurationList = F10000000000000000000902 /* Build configuration list for PBXNativeTarget "GaogeIOSTests" */;
			buildPhases = (
				F10000000000000000000602 /* Sources */,
				F10000000000000000000402 /* Frameworks */,
				F10000000000000000000702 /* Resources */,
			);
			buildRules = (
			);
			dependencies = (
				F10000000000000000000801 /* PBXTargetDependency */,
			);
			name = GaogeIOSTests;
			productName = GaogeIOSTests;
			productReference = F10000000000000000000209 /* GaogeIOSTests.xctest */;
			productType = "com.apple.product-type.bundle.unit-test";
		};
/* End PBXNativeTarget section */

/* Begin PBXProject section */
		F10000000000000000000010 /* Project object */ = {
			isa = PBXProject;
			attributes = {
				BuildIndependentTargetsInParallel = 1;
				LastUpgradeCheck = 2600;
				TargetAttributes = {
					F10000000000000000000002 = {
						TestTargetID = F10000000000000000000001;
					};
				};
			};
			buildConfigurationList = F10000000000000000000903 /* Build configuration list for PBXProject "GaogeIOS" */;
			compatibilityVersion = "Xcode 16.0";
			developmentRegion = en;
			hasScannedForEncodings = 0;
			knownRegions = (
				en,
				Base,
			);
			mainGroup = F10000000000000000000501;
			minimizedProjectReferenceProxies = 1;
			preferredProjectObjectVersion = 77;
			productRefGroup = F10000000000000000000509 /* Products */;
			projectDirPath = "";
			projectRoot = "";
			targets = (
				F10000000000000000000001 /* GaogeIOS */,
				F10000000000000000000002 /* GaogeIOSTests */,
			);
		};
/* End PBXProject section */

/* Begin PBXResourcesBuildPhase section */
		F10000000000000000000701 /* Resources */ = {
			isa = PBXResourcesBuildPhase;
			buildActionMask = 2147483647;
			files = (
				F10000000000000000000104 /* Assets.xcassets in Resources */,
				F10000000000000000000105 /* Preview Assets.xcassets in Resources */,
			);
			runOnlyForDeploymentPostprocessing = 0;
		};
		F10000000000000000000702 /* Resources */ = {
			isa = PBXResourcesBuildPhase;
			buildActionMask = 2147483647;
			files = (
			);
			runOnlyForDeploymentPostprocessing = 0;
		};
/* End PBXResourcesBuildPhase section */

/* Begin PBXSourcesBuildPhase section */
		F10000000000000000000601 /* Sources */ = {
			isa = PBXSourcesBuildPhase;
			buildActionMask = 2147483647;
			files = (
				F10000000000000000000101 /* GaogeIOSApp.swift in Sources */,
				F10000000000000000000102 /* AppModel.swift in Sources */,
				F10000000000000000000103 /* RootTabView.swift in Sources */,
			);
			runOnlyForDeploymentPostprocessing = 0;
		};
		F10000000000000000000602 /* Sources */ = {
			isa = PBXSourcesBuildPhase;
			buildActionMask = 2147483647;
			files = (
			);
			runOnlyForDeploymentPostprocessing = 0;
		};
/* End PBXSourcesBuildPhase section */

/* Begin PBXTargetDependency section */
		F10000000000000000000801 /* PBXTargetDependency */ = {
			isa = PBXTargetDependency;
			target = F10000000000000000000001 /* GaogeIOS */;
			targetProxy = F10000000000000000000301 /* PBXContainerItemProxy */;
		};
/* End PBXTargetDependency section */

/* Begin XCBuildConfiguration section */
		F10000000000000000000A01 /* Debug */ = {
			isa = XCBuildConfiguration;
			buildSettings = {
				ASSETCATALOG_COMPILER_GENERATE_SWIFT_ASSET_SYMBOL_EXTENSIONS = YES;
				CODE_SIGNING_ALLOWED = NO;
				CODE_SIGNING_REQUIRED = NO;
				CURRENT_PROJECT_VERSION = 1;
				DEVELOPMENT_ASSET_PATHS = "\"Sources/Resources/Preview Content\"";
				GENERATE_INFOPLIST_FILE = NO;
				INFOPLIST_FILE = Sources/Resources/Info.plist;
				IPHONEOS_DEPLOYMENT_TARGET = 18.0;
				LD_RUNPATH_SEARCH_PATHS = (
					"$(inherited)",
					"@executable_path/Frameworks",
				);
				PRODUCT_BUNDLE_IDENTIFIER = com.gaoge.GaogeIOS;
				PRODUCT_NAME = "$(TARGET_NAME)";
				SDKROOT = iphoneos;
				SUPPORTED_PLATFORMS = "iphoneos iphonesimulator";
				SWIFT_EMIT_LOC_STRINGS = YES;
				SWIFT_VERSION = 5.0;
				TARGETED_DEVICE_FAMILY = "1,2";
			};
			name = Debug;
		};
		F10000000000000000000A02 /* Release */ = {
			isa = XCBuildConfiguration;
			buildSettings = {
				ASSETCATALOG_COMPILER_GENERATE_SWIFT_ASSET_SYMBOL_EXTENSIONS = YES;
				CODE_SIGNING_ALLOWED = NO;
				CODE_SIGNING_REQUIRED = NO;
				CURRENT_PROJECT_VERSION = 1;
				DEVELOPMENT_ASSET_PATHS = "\"Sources/Resources/Preview Content\"";
				GENERATE_INFOPLIST_FILE = NO;
				INFOPLIST_FILE = Sources/Resources/Info.plist;
				IPHONEOS_DEPLOYMENT_TARGET = 18.0;
				LD_RUNPATH_SEARCH_PATHS = (
					"$(inherited)",
					"@executable_path/Frameworks",
				);
				PRODUCT_BUNDLE_IDENTIFIER = com.gaoge.GaogeIOS;
				PRODUCT_NAME = "$(TARGET_NAME)";
				SDKROOT = iphoneos;
				SUPPORTED_PLATFORMS = "iphoneos iphonesimulator";
				SWIFT_EMIT_LOC_STRINGS = YES;
				SWIFT_VERSION = 5.0;
				TARGETED_DEVICE_FAMILY = "1,2";
			};
			name = Release;
		};
		F10000000000000000000A03 /* Debug */ = {
			isa = XCBuildConfiguration;
			buildSettings = {
				BUNDLE_LOADER = "$(TEST_HOST)";
				CODE_SIGNING_ALLOWED = NO;
				CODE_SIGNING_REQUIRED = NO;
				CURRENT_PROJECT_VERSION = 1;
				GENERATE_INFOPLIST_FILE = YES;
				IPHONEOS_DEPLOYMENT_TARGET = 18.0;
				LD_RUNPATH_SEARCH_PATHS = (
					"$(inherited)",
					"@loader_path/Frameworks",
					"@executable_path/Frameworks",
				);
				PRODUCT_BUNDLE_IDENTIFIER = com.gaoge.GaogeIOSTests;
				PRODUCT_NAME = "$(TARGET_NAME)";
				SDKROOT = iphoneos;
				SUPPORTED_PLATFORMS = "iphoneos iphonesimulator";
				SWIFT_VERSION = 5.0;
				TARGETED_DEVICE_FAMILY = "1,2";
				TEST_HOST = "$(BUILT_PRODUCTS_DIR)/GaogeIOS.app/$(BUNDLE_EXECUTABLE_FOLDER_PATH)/GaogeIOS";
			};
			name = Debug;
		};
		F10000000000000000000A04 /* Release */ = {
			isa = XCBuildConfiguration;
			buildSettings = {
				BUNDLE_LOADER = "$(TEST_HOST)";
				CODE_SIGNING_ALLOWED = NO;
				CODE_SIGNING_REQUIRED = NO;
				CURRENT_PROJECT_VERSION = 1;
				GENERATE_INFOPLIST_FILE = YES;
				IPHONEOS_DEPLOYMENT_TARGET = 18.0;
				LD_RUNPATH_SEARCH_PATHS = (
					"$(inherited)",
					"@loader_path/Frameworks",
					"@executable_path/Frameworks",
				);
				PRODUCT_BUNDLE_IDENTIFIER = com.gaoge.GaogeIOSTests;
				PRODUCT_NAME = "$(TARGET_NAME)";
				SDKROOT = iphoneos;
				SUPPORTED_PLATFORMS = "iphoneos iphonesimulator";
				SWIFT_VERSION = 5.0;
				TARGETED_DEVICE_FAMILY = "1,2";
				TEST_HOST = "$(BUILT_PRODUCTS_DIR)/GaogeIOS.app/$(BUNDLE_EXECUTABLE_FOLDER_PATH)/GaogeIOS";
			};
			name = Release;
		};
		F10000000000000000000A05 /* Debug */ = {
			isa = XCBuildConfiguration;
			buildSettings = {
				ALWAYS_SEARCH_USER_PATHS = NO;
				CLANG_ENABLE_MODULES = YES;
				CLANG_ENABLE_OBJC_ARC = YES;
				COPY_PHASE_STRIP = NO;
				DEBUG_INFORMATION_FORMAT = dwarf;
				ENABLE_STRICT_OBJC_MSGSEND = YES;
				GCC_C_LANGUAGE_STANDARD = gnu17;
				GCC_NO_COMMON_BLOCKS = YES;
				GCC_OPTIMIZATION_LEVEL = 0;
				GCC_PREPROCESSOR_DEFINITIONS = (
					"DEBUG=1",
					"$(inherited)",
				);
				MTL_ENABLE_DEBUG_INFO = INCLUDE_SOURCE;
				ONLY_ACTIVE_ARCH = YES;
				SDKROOT = iphoneos;
				SWIFT_ACTIVE_COMPILATION_CONDITIONS = "DEBUG $(inherited)";
			};
			name = Debug;
		};
		F10000000000000000000A06 /* Release */ = {
			isa = XCBuildConfiguration;
			buildSettings = {
				ALWAYS_SEARCH_USER_PATHS = NO;
				CLANG_ENABLE_MODULES = YES;
				CLANG_ENABLE_OBJC_ARC = YES;
				COPY_PHASE_STRIP = NO;
				DEBUG_INFORMATION_FORMAT = "dwarf-with-dsym";
				ENABLE_NS_ASSERTIONS = NO;
				ENABLE_STRICT_OBJC_MSGSEND = YES;
				GCC_C_LANGUAGE_STANDARD = gnu17;
				GCC_NO_COMMON_BLOCKS = YES;
				MTL_ENABLE_DEBUG_INFO = NO;
				SDKROOT = iphoneos;
				SWIFT_COMPILATION_MODE = wholemodule;
				VALIDATE_PRODUCT = YES;
			};
			name = Release;
		};
/* End XCBuildConfiguration section */

/* Begin XCConfigurationList section */
		F10000000000000000000901 /* Build configuration list for PBXNativeTarget "GaogeIOS" */ = {
			isa = XCConfigurationList;
			buildConfigurations = (
				F10000000000000000000A01 /* Debug */,
				F10000000000000000000A02 /* Release */,
			);
			defaultConfigurationIsVisible = 0;
			defaultConfigurationName = Release;
		};
		F10000000000000000000902 /* Build configuration list for PBXNativeTarget "GaogeIOSTests" */ = {
			isa = XCConfigurationList;
			buildConfigurations = (
				F10000000000000000000A03 /* Debug */,
				F10000000000000000000A04 /* Release */,
			);
			defaultConfigurationIsVisible = 0;
			defaultConfigurationName = Release;
		};
		F10000000000000000000903 /* Build configuration list for PBXProject "GaogeIOS" */ = {
			isa = XCConfigurationList;
			buildConfigurations = (
				F10000000000000000000A05 /* Debug */,
				F10000000000000000000A06 /* Release */,
			);
			defaultConfigurationIsVisible = 0;
			defaultConfigurationName = Release;
		};
/* End XCConfigurationList section */
	};
	rootObject = F10000000000000000000010 /* Project object */;
}
